github.com/artyom/autoflags v1.1.1 h1:8flRmpb7xpjLHFVcM+HN+cEEKLw+H5a2hABDbRvfG9A=
github.com/artyom/autoflags v1.1.1/go.mod h1:Th9KgAVvFcYp7t8b//Pu21xHjExLpzr4SXCbwVbHL7Y=
github.com/artyom/httpgzip v1.1.1 h1:9hEjQW05g/WCvSWUilh7Sxl9bBNqd2Zj3ItB3rERVNk=
github.com/artyom/httpgzip v1.1.1/go.mod h1:/5T9zLSJdzbJ/DsT4LbkdGOCcxcpB78SvlVeONbZMM0=
github.com/aymerick/douceur v0.2.0 h1:Mv+mAeH1Q+n9Fr+oyamOlAkUNPWPlA8PPGR0QAaYuPk=
github.com/aymerick/douceur v0.2.0/go.mod h1:wlT5vV2O3h55X9m7iVYN0TBM0NH/MmbLnd30/FjWUq4=
github.com/chris-ramon/douceur v0.2.0 h1:IDMEdxlEUUBYBKE4z/mJnFyVXox+MjuEVDJNN27glkU=
github.com/chris-ramon/douceur v0.2.0/go.mod h1:wDW5xjJdeoMm1mRt4sD4c/LbF/mWdEpRXQKjTR8nIBE=
github.com/gomarkdown/markdown v0.0.0-20190203074024-f12dffcd0f4e h1:pTwv+zREUhuBKYaGyBNhK0WoPh0VXCSCGi77N9kv6oM=
github.com/gomarkdown/markdown v0.0.0-20190203074024-f12dffcd0f4e/go.mod h1:gmFANS06wAVmF0B9yi65QKsRmPQ97tze7FRLswua+OY=
github.com/gorilla/css v1.0.0 h1:BQqNyPTi50JCFMTw/b67hByjMVXZRwGha6wxVGkeihY=
github.com/gorilla/css v1.0.0/go.mod h1:Dn721qIggHpt4+EFCcTLTU/vk5ySda2ReITrtgBl60c=
github.com/microcosm-cc/bluemonday v1.0.2 h1:5lPfLTTAvAbtS0VqT+94yOtFnGfUWYyx0+iToC3Os3s=
github.com/microcosm-cc/bluemonday v1.0.2/go.mod h1:iVP4YcDBq+n/5fb23BhYFvIMq/leAFZyRl6bYmGDlGc=
github.com/microcosm-cc/bluemonday v1.0.3 h1:EjVH7OqbU219kdm8acbveoclh2zZFqPJTJw6VUlTLAQ=
github.com/microcosm-cc/bluemonday v1.0.3/go.mod h1:8iwZnFn2CDDNZ0r6UXhF4xawGvzaqzCRa1n3/lO3W2w=
github.com/microcosm-cc/bluemonday v1.0.5 h1:cF59UCKMmmUgqN1baLvqU/B1ZsMori+duLVTLpgiG3w=
github.com/microcosm-cc/bluemonday v1.0.5/go.mod h1:8iwZnFn2CDDNZ0r6UXhF4xawGvzaqzCRa1n3/lO3W2w=
github.com/pkg/browser v0.0.0-20180916011732-0a3d74bf9ce4 h1:49lOXmGaUpV9Fz3gd7TFZY106KVlPVa5jcYD1gaQf98=
github.com/pkg/browser v0.0.0-20180916011732-0a3d74bf9ce4/go.mod h1:4OwLy04Bl9Ef3GJJCoec+30X3LQs/0/m4HFRt/2LUSA=
golang.org/x/net v0.0.0-20181220203305-927f97764cc3 h1:eH6Eip3UpmR+yM/qI9Ijluzb1bNv/cAU/n+6l8tRSis=
golang.org/x/net v0.0.0-20181220203305-927f97764cc3/go.mod h1:mL1N/T3taQHkDXs73rZJwtUhF3w3ftmwwsq0BUmARs4=
golang.org/x/text v0.3.1-0.20190213135515-6c92c7dc7f53 h1:z5u8v0Hf7FW1lKVkgQnPRN6wf776nMBT/dEFG9kd99k=
golang.org/x/text v0.3.1-0.20190213135515-6c92c7dc7f53/go.mod h1:bEr9sfX3Q8Zfm5fL9x+3itogRgK3+ptLWKqgva+5dAk=
golang.org/x/tools v0.0.0-20180917221912-90fa682c2a6e/go.mod h1:n7NCudcB/nEzxVGmLbDWY5pfWTLqBcC2KZ6jyYvM4mQ=
